
Microsoft Visual Studio Solution File, Format Version 12.00
# Visual Studio Version 17
VisualStudioVersion = 17.7.34221.43
MinimumVisualStudioVersion = 10.0.40219.1
Project("{9A19103F-16F7-4668-BE54-9A1E7A4F7556}") = "WebApi", "WebApi\WebApi.csproj", "{2BD1A60D-C68C-492B-A155-49B063EA3D18}"
EndProject
Project("{2150E333-8FDC-42A3-9474-1A3956D46DE8}") = "1_Kernel_Domain", "1_Kernel_Domain", "{65C7A410-A8BE-416D-86DF-F173EA7DE1E6}"
EndProject
Project("{2150E333-8FDC-42A3-9474-1A3956D46DE8}") = "3_Infrastructure", "3_Infrastructure", "{FC7EC663-A82C-4707-83AC-604CFD862964}"
EndProject
Project("{2150E333-8FDC-42A3-9474-1A3956D46DE8}") = "2_Kernel_Services", "2_Kernel_Services", "{CE336D4A-8B7D-429E-85BF-951D71693CAE}"
EndProject
Project("{9A19103F-16F7-4668-BE54-9A1E7A4F7556}") = "Domain.Entities", "Domain.Entities\Domain.Entities.csproj", "{E3DA9C2B-B8DD-42BC-B0EE-29DA1DA08DD3}"
EndProject
Project("{9A19103F-16F7-4668-BE54-9A1E7A4F7556}") = "Services.Contracts", "Services.Contracts\Services.Contracts.csproj", "{4C9F03F8-682E-4608-8287-3F01DC8C1D5F}"
EndProject
Project("{9A19103F-16F7-4668-BE54-9A1E7A4F7556}") = "Services.Exceptions", "Services.Exceptions\Services.Exceptions.csproj", "{6216FFAC-E129-4BF1-9431-5D95C4B6359E}"
EndProject
Project("{9A19103F-16F7-4668-BE54-9A1E7A4F7556}") = "Services.Constants", "Services.Constants\Services.Constants.csproj", "{DBADAA9F-81D5-47AA-8EA6-7A48BBA1D40B}"
EndProject
Project("{2150E333-8FDC-42A3-9474-1A3956D46DE8}") = "Solution Items", "Solution Items", "{3764C978-18ED-433C-879E-04DCE66B30BD}"
	ProjectSection(SolutionItems) = preProject
		docker-compose.yml = docker-compose.yml
	EndProjectSection
EndProject
Project("{FAE04EC0-301F-11D3-BF4B-00C04F79EFBC}") = "Infrastructure.MassTransit.Publisher", "Infrastructure.MassTransit.Publisher\Infrastructure.MassTransit.Publisher.csproj", "{EC5276CA-5F7A-4F3A-AD73-7FCADA4CC04B}"
EndProject
Project("{2150E333-8FDC-42A3-9474-1A3956D46DE8}") = "4_Application_Interface", "4_Application_Interface", "{D602565A-2590-40A2-9F61-F0EBADEBC069}"
EndProject
Project("{FAE04EC0-301F-11D3-BF4B-00C04F79EFBC}") = "Services.Abstractions", "Services.Abstractions\Services.Abstractions.csproj", "{C4F3772E-72C1-4193-9A1B-EB5CF08BE5EF}"
EndProject
Project("{FAE04EC0-301F-11D3-BF4B-00C04F79EFBC}") = "Services.Implementation", "Services.Implementation\Services.Implementation.csproj", "{130C4B81-14D9-4EE0-A294-911B13A0F3E7}"
EndProject
Project("{FAE04EC0-301F-11D3-BF4B-00C04F79EFBC}") = "Infrastructure.EntityFramework", "Infrastructure.EntityFramework\Infrastructure.EntityFramework.csproj", "{A45F0F00-52B7-400A-87E9-A0B9DD960951}"
EndProject
Project("{FAE04EC0-301F-11D3-BF4B-00C04F79EFBC}") = "Infrastructure.Repositories.Implementations", "Infrastructure.Repositories.Implementations\Infrastructure.Repositories.Implementations.csproj", "{3D3FDA11-3EB9-47EA-990D-0C0CA84711FF}"
EndProject
Project("{FAE04EC0-301F-11D3-BF4B-00C04F79EFBC}") = "Infrastructure.Masstransit.Consumer", "Infrastructure.Masstransit.Consumer\Infrastructure.Masstransit.Consumer.csproj", "{C0CE02E9-A100-43D7-806A-08AB24FD8241}"
EndProject
Project("{FAE04EC0-301F-11D3-BF4B-00C04F79EFBC}") = "Infrastructure.Telegram", "Infrastructure.Telegram\Infrastructure.Telegram.csproj", "{4B0B32E5-B0CD-4855-B039-60E7D92BFEC5}"
EndProject
Project("{FAE04EC0-301F-11D3-BF4B-00C04F79EFBC}") = "CameraConsole", "CameraConsole\CameraConsole.csproj", "{6DA295D6-45E6-4643-BAB6-DD5A061778BA}"
EndProject
Project("{FAE04EC0-301F-11D3-BF4B-00C04F79EFBC}") = "Services.Shared", "Services.Shared\Services.Shared.csproj", "{5B2D39E9-6865-463C-8A2F-F9964149C87C}"
EndProject
Global
	GlobalSection(SolutionConfigurationPlatforms) = preSolution
		Debug|Any CPU = Debug|Any CPU
		Release|Any CPU = Release|Any CPU
	EndGlobalSection
	GlobalSection(ProjectConfigurationPlatforms) = postSolution
		{2BD1A60D-C68C-492B-A155-49B063EA3D18}.Debug|Any CPU.ActiveCfg = Debug|Any CPU
		{2BD1A60D-C68C-492B-A155-49B063EA3D18}.Debug|Any CPU.Build.0 = Debug|Any CPU
		{2BD1A60D-C68C-492B-A155-49B063EA3D18}.Release|Any CPU.ActiveCfg = Release|Any CPU
		{2BD1A60D-C68C-492B-A155-49B063EA3D18}.Release|Any CPU.Build.0 = Release|Any CPU
		{E3DA9C2B-B8DD-42BC-B0EE-29DA1DA08DD3}.Debug|Any CPU.ActiveCfg = Debug|Any CPU
		{E3DA9C2B-B8DD-42BC-B0EE-29DA1DA08DD3}.Debug|Any CPU.Build.0 = Debug|Any CPU
		{E3DA9C2B-B8DD-42BC-B0EE-29DA1DA08DD3}.Release|Any CPU.ActiveCfg = Release|Any CPU
		{E3DA9C2B-B8DD-42BC-B0EE-29DA1DA08DD3}.Release|Any CPU.Build.0 = Release|Any CPU
		{4C9F03F8-682E-4608-8287-3F01DC8C1D5F}.Debug|Any CPU.ActiveCfg = Debug|Any CPU
		{4C9F03F8-682E-4608-8287-3F01DC8C1D5F}.Debug|Any CPU.Build.0 = Debug|Any CPU
		{4C9F03F8-682E-4608-8287-3F01DC8C1D5F}.Release|Any CPU.ActiveCfg = Release|Any CPU
		{4C9F03F8-682E-4608-8287-3F01DC8C1D5F}.Release|Any CPU.Build.0 = Release|Any CPU
		{6216FFAC-E129-4BF1-9431-5D95C4B6359E}.Debug|Any CPU.ActiveCfg = Debug|Any CPU
		{6216FFAC-E129-4BF1-9431-5D95C4B6359E}.Debug|Any CPU.Build.0 = Debug|Any CPU
		{6216FFAC-E129-4BF1-9431-5D95C4B6359E}.Release|Any CPU.ActiveCfg = Release|Any CPU
		{6216FFAC-E129-4BF1-9431-5D95C4B6359E}.Release|Any CPU.Build.0 = Release|Any CPU
		{DBADAA9F-81D5-47AA-8EA6-7A48BBA1D40B}.Debug|Any CPU.ActiveCfg = Debug|Any CPU
		{DBADAA9F-81D5-47AA-8EA6-7A48BBA1D40B}.Debug|Any CPU.Build.0 = Debug|Any CPU
		{DBADAA9F-81D5-47AA-8EA6-7A48BBA1D40B}.Release|Any CPU.ActiveCfg = Release|Any CPU
		{DBADAA9F-81D5-47AA-8EA6-7A48BBA1D40B}.Release|Any CPU.Build.0 = Release|Any CPU
		{EC5276CA-5F7A-4F3A-AD73-7FCADA4CC04B}.Debug|Any CPU.ActiveCfg = Debug|Any CPU
		{EC5276CA-5F7A-4F3A-AD73-7FCADA4CC04B}.Debug|Any CPU.Build.0 = Debug|Any CPU
		{EC5276CA-5F7A-4F3A-AD73-7FCADA4CC04B}.Release|Any CPU.ActiveCfg = Release|Any CPU
		{EC5276CA-5F7A-4F3A-AD73-7FCADA4CC04B}.Release|Any CPU.Build.0 = Release|Any CPU
		{C4F3772E-72C1-4193-9A1B-EB5CF08BE5EF}.Debug|Any CPU.ActiveCfg = Debug|Any CPU
		{C4F3772E-72C1-4193-9A1B-EB5CF08BE5EF}.Debug|Any CPU.Build.0 = Debug|Any CPU
		{C4F3772E-72C1-4193-9A1B-EB5CF08BE5EF}.Release|Any CPU.ActiveCfg = Release|Any CPU
		{C4F3772E-72C1-4193-9A1B-EB5CF08BE5EF}.Release|Any CPU.Build.0 = Release|Any CPU
		{130C4B81-14D9-4EE0-A294-911B13A0F3E7}.Debug|Any CPU.ActiveCfg = Debug|Any CPU
		{130C4B81-14D9-4EE0-A294-911B13A0F3E7}.Debug|Any CPU.Build.0 = Debug|Any CPU
		{130C4B81-14D9-4EE0-A294-911B13A0F3E7}.Release|Any CPU.ActiveCfg = Release|Any CPU
		{130C4B81-14D9-4EE0-A294-911B13A0F3E7}.Release|Any CPU.Build.0 = Release|Any CPU
		{A45F0F00-52B7-400A-87E9-A0B9DD960951}.Debug|Any CPU.ActiveCfg = Debug|Any CPU
		{A45F0F00-52B7-400A-87E9-A0B9DD960951}.Debug|Any CPU.Build.0 = Debug|Any CPU
		{A45F0F00-52B7-400A-87E9-A0B9DD960951}.Release|Any CPU.ActiveCfg = Release|Any CPU
		{A45F0F00-52B7-400A-87E9-A0B9DD960951}.Release|Any CPU.Build.0 = Release|Any CPU
		{3D3FDA11-3EB9-47EA-990D-0C0CA84711FF}.Debug|Any CPU.ActiveCfg = Debug|Any CPU
		{3D3FDA11-3EB9-47EA-990D-0C0CA84711FF}.Debug|Any CPU.Build.0 = Debug|Any CPU
		{3D3FDA11-3EB9-47EA-990D-0C0CA84711FF}.Release|Any CPU.ActiveCfg = Release|Any CPU
		{3D3FDA11-3EB9-47EA-990D-0C0CA84711FF}.Release|Any CPU.Build.0 = Release|Any CPU
		{C0CE02E9-A100-43D7-806A-08AB24FD8241}.Debug|Any CPU.ActiveCfg = Debug|Any CPU
		{C0CE02E9-A100-43D7-806A-08AB24FD8241}.Debug|Any CPU.Build.0 = Debug|Any CPU
		{C0CE02E9-A100-43D7-806A-08AB24FD8241}.Release|Any CPU.ActiveCfg = Release|Any CPU
		{C0CE02E9-A100-43D7-806A-08AB24FD8241}.Release|Any CPU.Build.0 = Release|Any CPU
		{4B0B32E5-B0CD-4855-B039-60E7D92BFEC5}.Debug|Any CPU.ActiveCfg = Debug|Any CPU
		{4B0B32E5-B0CD-4855-B039-60E7D92BFEC5}.Debug|Any CPU.Build.0 = Debug|Any CPU
		{4B0B32E5-B0CD-4855-B039-60E7D92BFEC5}.Release|Any CPU.ActiveCfg = Release|Any CPU
		{4B0B32E5-B0CD-4855-B039-60E7D92BFEC5}.Release|Any CPU.Build.0 = Release|Any CPU
		{6DA295D6-45E6-4643-BAB6-DD5A061778BA}.Debug|Any CPU.ActiveCfg = Debug|Any CPU
		{6DA295D6-45E6-4643-BAB6-DD5A061778BA}.Debug|Any CPU.Build.0 = Debug|Any CPU
		{6DA295D6-45E6-4643-BAB6-DD5A061778BA}.Release|Any CPU.ActiveCfg = Release|Any CPU
		{6DA295D6-45E6-4643-BAB6-DD5A061778BA}.Release|Any CPU.Build.0 = Release|Any CPU
		{5B2D39E9-6865-463C-8A2F-F9964149C87C}.Debug|Any CPU.ActiveCfg = Debug|Any CPU
		{5B2D39E9-6865-463C-8A2F-F9964149C87C}.Debug|Any CPU.Build.0 = Debug|Any CPU
		{5B2D39E9-6865-463C-8A2F-F9964149C87C}.Release|Any CPU.ActiveCfg = Release|Any CPU
		{5B2D39E9-6865-463C-8A2F-F9964149C87C}.Release|Any CPU.Build.0 = Release|Any CPU
	EndGlobalSection
	GlobalSection(SolutionProperties) = preSolution
		HideSolutionNode = FALSE
	EndGlobalSection
	GlobalSection(NestedProjects) = preSolution
		{E3DA9C2B-B8DD-42BC-B0EE-29DA1DA08DD3} = {65C7A410-A8BE-416D-86DF-F173EA7DE1E6}
		{4C9F03F8-682E-4608-8287-3F01DC8C1D5F} = {CE336D4A-8B7D-429E-85BF-951D71693CAE}
		{6216FFAC-E129-4BF1-9431-5D95C4B6359E} = {CE336D4A-8B7D-429E-85BF-951D71693CAE}
		{DBADAA9F-81D5-47AA-8EA6-7A48BBA1D40B} = {CE336D4A-8B7D-429E-85BF-951D71693CAE}
		{EC5276CA-5F7A-4F3A-AD73-7FCADA4CC04B} = {FC7EC663-A82C-4707-83AC-604CFD862964}
		{2BD1A60D-C68C-492B-A155-49B063EA3D18} = {D602565A-2590-40A2-9F61-F0EBADEBC069}
		{C4F3772E-72C1-4193-9A1B-EB5CF08BE5EF} = {CE336D4A-8B7D-429E-85BF-951D71693CAE}
		{130C4B81-14D9-4EE0-A294-911B13A0F3E7} = {CE336D4A-8B7D-429E-85BF-951D71693CAE}
		{A45F0F00-52B7-400A-87E9-A0B9DD960951} = {FC7EC663-A82C-4707-83AC-604CFD862964}
		{3D3FDA11-3EB9-47EA-990D-0C0CA84711FF} = {FC7EC663-A82C-4707-83AC-604CFD862964}
		{C0CE02E9-A100-43D7-806A-08AB24FD8241} = {FC7EC663-A82C-4707-83AC-604CFD862964}
		{4B0B32E5-B0CD-4855-B039-60E7D92BFEC5} = {FC7EC663-A82C-4707-83AC-604CFD862964}
		{6DA295D6-45E6-4643-BAB6-DD5A061778BA} = {D602565A-2590-40A2-9F61-F0EBADEBC069}
		{5B2D39E9-6865-463C-8A2F-F9964149C87C} = {CE336D4A-8B7D-429E-85BF-951D71693CAE}
	EndGlobalSection
	GlobalSection(ExtensibilityGlobals) = postSolution
		SolutionGuid = {04D7D37A-5527-4FBA-98EB-240A2A85299E}
	EndGlobalSection
EndGlobal
